
Microsoft Visual Studio Solution File, Format Version 12.00
# Visual Studio 14
VisualStudioVersion = 14.0.24720.0
MinimumVisualStudioVersion = 10.0.40219.1
Project("{FAE04EC0-301F-11D3-BF4B-00C04F79EFBC}") = "Editor", "Editor\Editor.csproj", "{8A95D94F-3CB9-4EAA-A3E5-C748AFCF814A}"
EndProject
Project("{FAE04EC0-301F-11D3-BF4B-00C04F79EFBC}") = "Scripting", "Scripting\Scripting.csproj", "{D7EB3682-18EC-49D5-8519-23DE38C8425D}"
EndProject
Global
	GlobalSection(SolutionConfigurationPlatforms) = preSolution
		Debug|Any CPU = Debug|Any CPU
		Release|Any CPU = Release|Any CPU
	EndGlobalSection
	GlobalSection(ProjectConfigurationPlatforms) = postSolution
		{8A95D94F-3CB9-4EAA-A3E5-C748AFCF814A}.Debug|Any CPU.ActiveCfg = Debug|Any CPU
		{8A95D94F-3CB9-4EAA-A3E5-C748AFCF814A}.Debug|Any CPU.Build.0 = Debug|Any CPU
		{8A95D94F-3CB9-4EAA-A3E5-C748AFCF814A}.Release|Any CPU.ActiveCfg = Release|Any CPU
		{8A95D94F-3CB9-4EAA-A3E5-C748AFCF814A}.Release|Any CPU.Build.0 = Release|Any CPU
		{D7EB3682-18EC-49D5-8519-23DE38C8425D}.Debug|Any CPU.ActiveCfg = Debug|Any CPU
		{D7EB3682-18EC-49D5-8519-23DE38C8425D}.Debug|Any CPU.Build.0 = Debug|Any CPU
		{D7EB3682-18EC-49D5-8519-23DE38C8425D}.Release|Any CPU.ActiveCfg = Release|Any CPU
		{D7EB3682-18EC-49D5-8519-23DE38C8425D}.Release|Any CPU.Build.0 = Release|Any CPU
	EndGlobalSection
	GlobalSection(SolutionProperties) = preSolution
		HideSolutionNode = FALSE
	EndGlobalSection
EndGlobal
